
Microsoft Visual Studio Solution File, Format Version 12.00
# Visual Studio Version 16
VisualStudioVersion = 16.0.30114.105
MinimumVisualStudioVersion = 10.0.40219.1
Project("{FAE04EC0-301F-11D3-BF4B-00C04F79EFBC}") = "Parser2", "Parser2\Parser2.csproj", "{11DB2022-3048-4A4C-8332-155FD7A51EAA}"
EndProject
Global
	GlobalSection(SolutionConfigurationPlatforms) = preSolution
		Debug|Any CPU = Debug|Any CPU
		Release|Any CPU = Release|Any CPU
	EndGlobalSection
	GlobalSection(ProjectConfigurationPlatforms) = postSolution
		{11DB2022-3048-4A4C-8332-155FD7A51EAA}.Debug|Any CPU.ActiveCfg = Debug|Any CPU
		{11DB2022-3048-4A4C-8332-155FD7A51EAA}.Debug|Any CPU.Build.0 = Debug|Any CPU
		{11DB2022-3048-4A4C-8332-155FD7A51EAA}.Release|Any CPU.ActiveCfg = Release|Any CPU
		{11DB2022-3048-4A4C-8332-155FD7A51EAA}.Release|Any CPU.Build.0 = Release|Any CPU
	EndGlobalSection
	GlobalSection(SolutionProperties) = preSolution
		HideSolutionNode = FALSE
	EndGlobalSection
	GlobalSection(ExtensibilityGlobals) = postSolution
		SolutionGuid = {E50F9403-EBF3-4773-AE6B-21252685C1FF}
	EndGlobalSection
EndGlobal
